
Microsoft Visual Studio Solution File, Format Version 12.00
# Visual Studio Version 17
VisualStudioVersion = 17.10.35004.147
MinimumVisualStudioVersion = 10.0.40219.1
Project("{FAE04EC0-301F-11D3-BF4B-00C04F79EFBC}") = "Ejercicio02", "Ejercicio02.csproj", "{3F33E405-8823-47E0-A241-18D19D3F26DD}"
EndProject
Global
	GlobalSection(SolutionConfigurationPlatforms) = preSolution
		Debug|Any CPU = Debug|Any CPU
		Release|Any CPU = Release|Any CPU
	EndGlobalSection
	GlobalSection(ProjectConfigurationPlatforms) = postSolution
		{3F33E405-8823-47E0-A241-18D19D3F26DD}.Debug|Any CPU.ActiveCfg = Debug|Any CPU
		{3F33E405-8823-47E0-A241-18D19D3F26DD}.Debug|Any CPU.Build.0 = Debug|Any CPU
		{3F33E405-8823-47E0-A241-18D19D3F26DD}.Release|Any CPU.ActiveCfg = Release|Any CPU
		{3F33E405-8823-47E0-A241-18D19D3F26DD}.Release|Any CPU.Build.0 = Release|Any CPU
	EndGlobalSection
	GlobalSection(SolutionProperties) = preSolution
		HideSolutionNode = FALSE
	EndGlobalSection
	GlobalSection(ExtensibilityGlobals) = postSolution
		SolutionGuid = {FCDDE5B5-BAE7-4C0C-BF42-0CDF0DE5D5D2}
	EndGlobalSection
EndGlobal
