
Microsoft Visual Studio Solution File, Format Version 12.00
# Visual Studio Version 17
VisualStudioVersion = 17.10.35004.147
MinimumVisualStudioVersion = 10.0.40219.1
Project("{FAE04EC0-301F-11D3-BF4B-00C04F79EFBC}") = "Ejercicio22", "Ejercicio22.csproj", "{69B4C336-7FDA-4952-AFE3-68BE217B0F8C}"
EndProject
Global
	GlobalSection(SolutionConfigurationPlatforms) = preSolution
		Debug|Any CPU = Debug|Any CPU
		Release|Any CPU = Release|Any CPU
	EndGlobalSection
	GlobalSection(ProjectConfigurationPlatforms) = postSolution
		{69B4C336-7FDA-4952-AFE3-68BE217B0F8C}.Debug|Any CPU.ActiveCfg = Debug|Any CPU
		{69B4C336-7FDA-4952-AFE3-68BE217B0F8C}.Debug|Any CPU.Build.0 = Debug|Any CPU
		{69B4C336-7FDA-4952-AFE3-68BE217B0F8C}.Release|Any CPU.ActiveCfg = Release|Any CPU
		{69B4C336-7FDA-4952-AFE3-68BE217B0F8C}.Release|Any CPU.Build.0 = Release|Any CPU
	EndGlobalSection
	GlobalSection(SolutionProperties) = preSolution
		HideSolutionNode = FALSE
	EndGlobalSection
	GlobalSection(ExtensibilityGlobals) = postSolution
		SolutionGuid = {64A06BC1-3EF4-4E97-B44F-45F7B2F344C7}
	EndGlobalSection
EndGlobal
