
Microsoft Visual Studio Solution File, Format Version 12.00
# Visual Studio Version 17
VisualStudioVersion = 17.10.35004.147
MinimumVisualStudioVersion = 10.0.40219.1
Project("{FAE04EC0-301F-11D3-BF4B-00C04F79EFBC}") = "Ejercicio05", "Ejercicio05.csproj", "{65553187-ACA2-4FB0-89B9-08ECDE32BA97}"
EndProject
Global
	GlobalSection(SolutionConfigurationPlatforms) = preSolution
		Debug|Any CPU = Debug|Any CPU
		Release|Any CPU = Release|Any CPU
	EndGlobalSection
	GlobalSection(ProjectConfigurationPlatforms) = postSolution
		{65553187-ACA2-4FB0-89B9-08ECDE32BA97}.Debug|Any CPU.ActiveCfg = Debug|Any CPU
		{65553187-ACA2-4FB0-89B9-08ECDE32BA97}.Debug|Any CPU.Build.0 = Debug|Any CPU
		{65553187-ACA2-4FB0-89B9-08ECDE32BA97}.Release|Any CPU.ActiveCfg = Release|Any CPU
		{65553187-ACA2-4FB0-89B9-08ECDE32BA97}.Release|Any CPU.Build.0 = Release|Any CPU
	EndGlobalSection
	GlobalSection(SolutionProperties) = preSolution
		HideSolutionNode = FALSE
	EndGlobalSection
	GlobalSection(ExtensibilityGlobals) = postSolution
		SolutionGuid = {6EB3B1A4-28EA-43B1-AC30-05AFD0EA2DE4}
	EndGlobalSection
EndGlobal
