
Microsoft Visual Studio Solution File, Format Version 12.00
# Visual Studio Version 17
VisualStudioVersion = 17.10.35004.147
MinimumVisualStudioVersion = 10.0.40219.1
Project("{FAE04EC0-301F-11D3-BF4B-00C04F79EFBC}") = "Ej01", "Ej01.csproj", "{7EB920BA-0EEB-4709-B3A2-EE6B752F4FE8}"
EndProject
Global
	GlobalSection(SolutionConfigurationPlatforms) = preSolution
		Debug|Any CPU = Debug|Any CPU
		Release|Any CPU = Release|Any CPU
	EndGlobalSection
	GlobalSection(ProjectConfigurationPlatforms) = postSolution
		{7EB920BA-0EEB-4709-B3A2-EE6B752F4FE8}.Debug|Any CPU.ActiveCfg = Debug|Any CPU
		{7EB920BA-0EEB-4709-B3A2-EE6B752F4FE8}.Debug|Any CPU.Build.0 = Debug|Any CPU
		{7EB920BA-0EEB-4709-B3A2-EE6B752F4FE8}.Release|Any CPU.ActiveCfg = Release|Any CPU
		{7EB920BA-0EEB-4709-B3A2-EE6B752F4FE8}.Release|Any CPU.Build.0 = Release|Any CPU
	EndGlobalSection
	GlobalSection(SolutionProperties) = preSolution
		HideSolutionNode = FALSE
	EndGlobalSection
	GlobalSection(ExtensibilityGlobals) = postSolution
		SolutionGuid = {88DBD172-36D4-418A-8B3A-E3B1ADA37E48}
	EndGlobalSection
EndGlobal
