
Microsoft Visual Studio Solution File, Format Version 12.00
# Visual Studio Version 17
VisualStudioVersion = 17.10.35004.147
MinimumVisualStudioVersion = 10.0.40219.1
Project("{FAE04EC0-301F-11D3-BF4B-00C04F79EFBC}") = "Utilidades", "Utilidades.csproj", "{2334F8B5-4CEE-4663-B624-0E290141D495}"
EndProject
Global
	GlobalSection(SolutionConfigurationPlatforms) = preSolution
		Debug|Any CPU = Debug|Any CPU
		Release|Any CPU = Release|Any CPU
	EndGlobalSection
	GlobalSection(ProjectConfigurationPlatforms) = postSolution
		{2334F8B5-4CEE-4663-B624-0E290141D495}.Debug|Any CPU.ActiveCfg = Debug|Any CPU
		{2334F8B5-4CEE-4663-B624-0E290141D495}.Debug|Any CPU.Build.0 = Debug|Any CPU
		{2334F8B5-4CEE-4663-B624-0E290141D495}.Release|Any CPU.ActiveCfg = Release|Any CPU
		{2334F8B5-4CEE-4663-B624-0E290141D495}.Release|Any CPU.Build.0 = Release|Any CPU
	EndGlobalSection
	GlobalSection(SolutionProperties) = preSolution
		HideSolutionNode = FALSE
	EndGlobalSection
	GlobalSection(ExtensibilityGlobals) = postSolution
		SolutionGuid = {A847A7D3-4F7B-47A2-B112-7113396A02C6}
	EndGlobalSection
EndGlobal
