
Microsoft Visual Studio Solution File, Format Version 12.00
# Visual Studio Version 17
VisualStudioVersion = 17.10.35004.147
MinimumVisualStudioVersion = 10.0.40219.1
Project("{FAE04EC0-301F-11D3-BF4B-00C04F79EFBC}") = "Ejercicio03", "Ejercicio03.csproj", "{6ADB9F3C-577F-4B02-B3CF-3A023A50A046}"
EndProject
Global
	GlobalSection(SolutionConfigurationPlatforms) = preSolution
		Debug|Any CPU = Debug|Any CPU
		Release|Any CPU = Release|Any CPU
	EndGlobalSection
	GlobalSection(ProjectConfigurationPlatforms) = postSolution
		{6ADB9F3C-577F-4B02-B3CF-3A023A50A046}.Debug|Any CPU.ActiveCfg = Debug|Any CPU
		{6ADB9F3C-577F-4B02-B3CF-3A023A50A046}.Debug|Any CPU.Build.0 = Debug|Any CPU
		{6ADB9F3C-577F-4B02-B3CF-3A023A50A046}.Release|Any CPU.ActiveCfg = Release|Any CPU
		{6ADB9F3C-577F-4B02-B3CF-3A023A50A046}.Release|Any CPU.Build.0 = Release|Any CPU
	EndGlobalSection
	GlobalSection(SolutionProperties) = preSolution
		HideSolutionNode = FALSE
	EndGlobalSection
	GlobalSection(ExtensibilityGlobals) = postSolution
		SolutionGuid = {4C0F144A-FEAD-4A87-B33F-B2EF33E07CE5}
	EndGlobalSection
EndGlobal
