
Microsoft Visual Studio Solution File, Format Version 12.00
# Visual Studio Version 17
VisualStudioVersion = 17.10.35004.147
MinimumVisualStudioVersion = 10.0.40219.1
Project("{FAE04EC0-301F-11D3-BF4B-00C04F79EFBC}") = "Ejercicio18", "Ejercicio18.csproj", "{B6272522-B603-454C-945A-10177DD78B5C}"
EndProject
Global
	GlobalSection(SolutionConfigurationPlatforms) = preSolution
		Debug|Any CPU = Debug|Any CPU
		Release|Any CPU = Release|Any CPU
	EndGlobalSection
	GlobalSection(ProjectConfigurationPlatforms) = postSolution
		{B6272522-B603-454C-945A-10177DD78B5C}.Debug|Any CPU.ActiveCfg = Debug|Any CPU
		{B6272522-B603-454C-945A-10177DD78B5C}.Debug|Any CPU.Build.0 = Debug|Any CPU
		{B6272522-B603-454C-945A-10177DD78B5C}.Release|Any CPU.ActiveCfg = Release|Any CPU
		{B6272522-B603-454C-945A-10177DD78B5C}.Release|Any CPU.Build.0 = Release|Any CPU
	EndGlobalSection
	GlobalSection(SolutionProperties) = preSolution
		HideSolutionNode = FALSE
	EndGlobalSection
	GlobalSection(ExtensibilityGlobals) = postSolution
		SolutionGuid = {75C6019B-D94F-4E13-8A2F-84216DEA43D9}
	EndGlobalSection
EndGlobal
